
Microsoft Visual Studio Solution File, Format Version 12.00
# Visual Studio 15
VisualStudioVersion = 15.0.26124.0
MinimumVisualStudioVersion = 15.0.26124.0
Project("{FAE04EC0-301F-11D3-BF4B-00C04F79EFBC}") = "Caesura.Standard", "Caesura.Standard\Caesura.Standard.csproj", "{16D0882D-A3F7-48A4-8ECA-4F6C737B5B9E}"
EndProject
Project("{FAE04EC0-301F-11D3-BF4B-00C04F79EFBC}") = "Caesura.Standard.Tests", "Caesura.Standard.Tests\Caesura.Standard.Tests.csproj", "{848C1442-2259-48B3-8748-983082659744}"
EndProject
Project("{2150E333-8FDC-42A3-9474-1A3956D46DE8}") = "Caesura.Standard.Scripting", "Caesura.Standard.Scripting", "{CB909556-6BCC-43CB-BE3C-E0D3CB3A1BEB}"
EndProject
Project("{FAE04EC0-301F-11D3-BF4B-00C04F79EFBC}") = "Caesura.Standard.Scripting", "Caesura.Standard.Scripting\Caesura.Standard.Scripting\Caesura.Standard.Scripting.csproj", "{ACD132CB-D0DD-4161-80C1-B32D81A4AAED}"
EndProject
Project("{FAE04EC0-301F-11D3-BF4B-00C04F79EFBC}") = "Caesura.Standard.Scripting.Tests", "Caesura.Standard.Scripting\Caesura.Standard.Scripting.Tests\Caesura.Standard.Scripting.Tests.csproj", "{374CADEF-CA86-4DA6-A943-64F7578AB6E4}"
EndProject
Project("{FAE04EC0-301F-11D3-BF4B-00C04F79EFBC}") = "Caesura.Standard.Scripting.KuroScript", "Caesura.Standard.Scripting\Caesura.Standard.Scripting.KuroScript\Caesura.Standard.Scripting.KuroScript.csproj", "{57C9124A-7AFE-4778-9440-8C69420D09F4}"
EndProject
Global
	GlobalSection(SolutionConfigurationPlatforms) = preSolution
		Debug|Any CPU = Debug|Any CPU
		Debug|x64 = Debug|x64
		Debug|x86 = Debug|x86
		Release|Any CPU = Release|Any CPU
		Release|x64 = Release|x64
		Release|x86 = Release|x86
	EndGlobalSection
	GlobalSection(SolutionProperties) = preSolution
		HideSolutionNode = FALSE
	EndGlobalSection
	GlobalSection(ProjectConfigurationPlatforms) = postSolution
		{16D0882D-A3F7-48A4-8ECA-4F6C737B5B9E}.Debug|Any CPU.ActiveCfg = Debug|Any CPU
		{16D0882D-A3F7-48A4-8ECA-4F6C737B5B9E}.Debug|Any CPU.Build.0 = Debug|Any CPU
		{16D0882D-A3F7-48A4-8ECA-4F6C737B5B9E}.Debug|x64.ActiveCfg = Debug|Any CPU
		{16D0882D-A3F7-48A4-8ECA-4F6C737B5B9E}.Debug|x64.Build.0 = Debug|Any CPU
		{16D0882D-A3F7-48A4-8ECA-4F6C737B5B9E}.Debug|x86.ActiveCfg = Debug|Any CPU
		{16D0882D-A3F7-48A4-8ECA-4F6C737B5B9E}.Debug|x86.Build.0 = Debug|Any CPU
		{16D0882D-A3F7-48A4-8ECA-4F6C737B5B9E}.Release|Any CPU.ActiveCfg = Release|Any CPU
		{16D0882D-A3F7-48A4-8ECA-4F6C737B5B9E}.Release|Any CPU.Build.0 = Release|Any CPU
		{16D0882D-A3F7-48A4-8ECA-4F6C737B5B9E}.Release|x64.ActiveCfg = Release|Any CPU
		{16D0882D-A3F7-48A4-8ECA-4F6C737B5B9E}.Release|x64.Build.0 = Release|Any CPU
		{16D0882D-A3F7-48A4-8ECA-4F6C737B5B9E}.Release|x86.ActiveCfg = Release|Any CPU
		{16D0882D-A3F7-48A4-8ECA-4F6C737B5B9E}.Release|x86.Build.0 = Release|Any CPU
		{848C1442-2259-48B3-8748-983082659744}.Debug|Any CPU.ActiveCfg = Debug|Any CPU
		{848C1442-2259-48B3-8748-983082659744}.Debug|Any CPU.Build.0 = Debug|Any CPU
		{848C1442-2259-48B3-8748-983082659744}.Debug|x64.ActiveCfg = Debug|Any CPU
		{848C1442-2259-48B3-8748-983082659744}.Debug|x64.Build.0 = Debug|Any CPU
		{848C1442-2259-48B3-8748-983082659744}.Debug|x86.ActiveCfg = Debug|Any CPU
		{848C1442-2259-48B3-8748-983082659744}.Debug|x86.Build.0 = Debug|Any CPU
		{848C1442-2259-48B3-8748-983082659744}.Release|Any CPU.ActiveCfg = Release|Any CPU
		{848C1442-2259-48B3-8748-983082659744}.Release|Any CPU.Build.0 = Release|Any CPU
		{848C1442-2259-48B3-8748-983082659744}.Release|x64.ActiveCfg = Release|Any CPU
		{848C1442-2259-48B3-8748-983082659744}.Release|x64.Build.0 = Release|Any CPU
		{848C1442-2259-48B3-8748-983082659744}.Release|x86.ActiveCfg = Release|Any CPU
		{848C1442-2259-48B3-8748-983082659744}.Release|x86.Build.0 = Release|Any CPU
		{ACD132CB-D0DD-4161-80C1-B32D81A4AAED}.Debug|Any CPU.ActiveCfg = Debug|Any CPU
		{ACD132CB-D0DD-4161-80C1-B32D81A4AAED}.Debug|Any CPU.Build.0 = Debug|Any CPU
		{ACD132CB-D0DD-4161-80C1-B32D81A4AAED}.Debug|x64.ActiveCfg = Debug|Any CPU
		{ACD132CB-D0DD-4161-80C1-B32D81A4AAED}.Debug|x64.Build.0 = Debug|Any CPU
		{ACD132CB-D0DD-4161-80C1-B32D81A4AAED}.Debug|x86.ActiveCfg = Debug|Any CPU
		{ACD132CB-D0DD-4161-80C1-B32D81A4AAED}.Debug|x86.Build.0 = Debug|Any CPU
		{ACD132CB-D0DD-4161-80C1-B32D81A4AAED}.Release|Any CPU.ActiveCfg = Release|Any CPU
		{ACD132CB-D0DD-4161-80C1-B32D81A4AAED}.Release|Any CPU.Build.0 = Release|Any CPU
		{ACD132CB-D0DD-4161-80C1-B32D81A4AAED}.Release|x64.ActiveCfg = Release|Any CPU
		{ACD132CB-D0DD-4161-80C1-B32D81A4AAED}.Release|x64.Build.0 = Release|Any CPU
		{ACD132CB-D0DD-4161-80C1-B32D81A4AAED}.Release|x86.ActiveCfg = Release|Any CPU
		{ACD132CB-D0DD-4161-80C1-B32D81A4AAED}.Release|x86.Build.0 = Release|Any CPU
		{374CADEF-CA86-4DA6-A943-64F7578AB6E4}.Debug|Any CPU.ActiveCfg = Debug|Any CPU
		{374CADEF-CA86-4DA6-A943-64F7578AB6E4}.Debug|Any CPU.Build.0 = Debug|Any CPU
		{374CADEF-CA86-4DA6-A943-64F7578AB6E4}.Debug|x64.ActiveCfg = Debug|Any CPU
		{374CADEF-CA86-4DA6-A943-64F7578AB6E4}.Debug|x64.Build.0 = Debug|Any CPU
		{374CADEF-CA86-4DA6-A943-64F7578AB6E4}.Debug|x86.ActiveCfg = Debug|Any CPU
		{374CADEF-CA86-4DA6-A943-64F7578AB6E4}.Debug|x86.Build.0 = Debug|Any CPU
		{374CADEF-CA86-4DA6-A943-64F7578AB6E4}.Release|Any CPU.ActiveCfg = Release|Any CPU
		{374CADEF-CA86-4DA6-A943-64F7578AB6E4}.Release|Any CPU.Build.0 = Release|Any CPU
		{374CADEF-CA86-4DA6-A943-64F7578AB6E4}.Release|x64.ActiveCfg = Release|Any CPU
		{374CADEF-CA86-4DA6-A943-64F7578AB6E4}.Release|x64.Build.0 = Release|Any CPU
		{374CADEF-CA86-4DA6-A943-64F7578AB6E4}.Release|x86.ActiveCfg = Release|Any CPU
		{374CADEF-CA86-4DA6-A943-64F7578AB6E4}.Release|x86.Build.0 = Release|Any CPU
		{57C9124A-7AFE-4778-9440-8C69420D09F4}.Debug|Any CPU.ActiveCfg = Debug|Any CPU
		{57C9124A-7AFE-4778-9440-8C69420D09F4}.Debug|Any CPU.Build.0 = Debug|Any CPU
		{57C9124A-7AFE-4778-9440-8C69420D09F4}.Debug|x64.ActiveCfg = Debug|Any CPU
		{57C9124A-7AFE-4778-9440-8C69420D09F4}.Debug|x64.Build.0 = Debug|Any CPU
		{57C9124A-7AFE-4778-9440-8C69420D09F4}.Debug|x86.ActiveCfg = Debug|Any CPU
		{57C9124A-7AFE-4778-9440-8C69420D09F4}.Debug|x86.Build.0 = Debug|Any CPU
		{57C9124A-7AFE-4778-9440-8C69420D09F4}.Release|Any CPU.ActiveCfg = Release|Any CPU
		{57C9124A-7AFE-4778-9440-8C69420D09F4}.Release|Any CPU.Build.0 = Release|Any CPU
		{57C9124A-7AFE-4778-9440-8C69420D09F4}.Release|x64.ActiveCfg = Release|Any CPU
		{57C9124A-7AFE-4778-9440-8C69420D09F4}.Release|x64.Build.0 = Release|Any CPU
		{57C9124A-7AFE-4778-9440-8C69420D09F4}.Release|x86.ActiveCfg = Release|Any CPU
		{57C9124A-7AFE-4778-9440-8C69420D09F4}.Release|x86.Build.0 = Release|Any CPU
	EndGlobalSection
	GlobalSection(NestedProjects) = preSolution
		{ACD132CB-D0DD-4161-80C1-B32D81A4AAED} = {CB909556-6BCC-43CB-BE3C-E0D3CB3A1BEB}
		{374CADEF-CA86-4DA6-A943-64F7578AB6E4} = {CB909556-6BCC-43CB-BE3C-E0D3CB3A1BEB}
		{57C9124A-7AFE-4778-9440-8C69420D09F4} = {CB909556-6BCC-43CB-BE3C-E0D3CB3A1BEB}
	EndGlobalSection
EndGlobal
